
Microsoft Visual Studio Solution File, Format Version 12.00
# Visual Studio 15
VisualStudioVersion = 15.0.28307.572
MinimumVisualStudioVersion = 10.0.40219.1
Project("{FAE04EC0-301F-11D3-BF4B-00C04F79EFBC}") = "C0739379", "C0739379.csproj", "{3430308D-2908-45ED-B6AE-CD2FD7DC3C85}"
EndProject
Global
	GlobalSection(SolutionConfigurationPlatforms) = preSolution
		Debug|Any CPU = Debug|Any CPU
		Release|Any CPU = Release|Any CPU
	EndGlobalSection
	GlobalSection(ProjectConfigurationPlatforms) = postSolution
		{3430308D-2908-45ED-B6AE-CD2FD7DC3C85}.Debug|Any CPU.ActiveCfg = Debug|Any CPU
		{3430308D-2908-45ED-B6AE-CD2FD7DC3C85}.Debug|Any CPU.Build.0 = Debug|Any CPU
		{3430308D-2908-45ED-B6AE-CD2FD7DC3C85}.Release|Any CPU.ActiveCfg = Release|Any CPU
		{3430308D-2908-45ED-B6AE-CD2FD7DC3C85}.Release|Any CPU.Build.0 = Release|Any CPU
	EndGlobalSection
	GlobalSection(SolutionProperties) = preSolution
		HideSolutionNode = FALSE
	EndGlobalSection
	GlobalSection(ExtensibilityGlobals) = postSolution
		SolutionGuid = {CF80A747-9437-42BD-AFD8-C5A1AB0E7DF9}
	EndGlobalSection
EndGlobal
